
Microsoft Visual Studio Solution File, Format Version 12.00
# Visual Studio Version 17
VisualStudioVersion = 17.14.37203.1 d17.14
MinimumVisualStudioVersion = 10.0.40219.1
Project("{FAE04EC0-301F-11D3-BF4B-00C04F79EFBC}") = "ProgrammingLanguageListApp", "ProgrammingLanguageListApp\ProgrammingLanguageListApp.csproj", "{5FAA69B0-2C80-40D0-AC74-7A0AD591B523}"
EndProject
Global
	GlobalSection(SolutionConfigurationPlatforms) = preSolution
		Debug|Any CPU = Debug|Any CPU
		Release|Any CPU = Release|Any CPU
	EndGlobalSection
	GlobalSection(ProjectConfigurationPlatforms) = postSolution
		{5FAA69B0-2C80-40D0-AC74-7A0AD591B523}.Debug|Any CPU.ActiveCfg = Debug|Any CPU
		{5FAA69B0-2C80-40D0-AC74-7A0AD591B523}.Debug|Any CPU.Build.0 = Debug|Any CPU
		{5FAA69B0-2C80-40D0-AC74-7A0AD591B523}.Release|Any CPU.ActiveCfg = Release|Any CPU
		{5FAA69B0-2C80-40D0-AC74-7A0AD591B523}.Release|Any CPU.Build.0 = Release|Any CPU
	EndGlobalSection
	GlobalSection(SolutionProperties) = preSolution
		HideSolutionNode = FALSE
	EndGlobalSection
	GlobalSection(ExtensibilityGlobals) = postSolution
		SolutionGuid = {71EDB6EF-10A7-4164-BBE2-ED57491218C1}
	EndGlobalSection
EndGlobal
