
Microsoft Visual Studio Solution File, Format Version 12.00
# Visual Studio Version 17
VisualStudioVersion = 17.14.37203.1 d17.14
MinimumVisualStudioVersion = 10.0.40219.1
Project("{FAE04EC0-301F-11D3-BF4B-00C04F79EFBC}") = "EmfuleniMunicipalityApp", "EmfuleniMunicipalityApp\EmfuleniMunicipalityApp.csproj", "{DA79C083-2903-4567-A4BE-818708C943F3}"
EndProject
Global
	GlobalSection(SolutionConfigurationPlatforms) = preSolution
		Debug|Any CPU = Debug|Any CPU
		Release|Any CPU = Release|Any CPU
	EndGlobalSection
	GlobalSection(ProjectConfigurationPlatforms) = postSolution
		{DA79C083-2903-4567-A4BE-818708C943F3}.Debug|Any CPU.ActiveCfg = Debug|Any CPU
		{DA79C083-2903-4567-A4BE-818708C943F3}.Debug|Any CPU.Build.0 = Debug|Any CPU
		{DA79C083-2903-4567-A4BE-818708C943F3}.Release|Any CPU.ActiveCfg = Release|Any CPU
		{DA79C083-2903-4567-A4BE-818708C943F3}.Release|Any CPU.Build.0 = Release|Any CPU
	EndGlobalSection
	GlobalSection(SolutionProperties) = preSolution
		HideSolutionNode = FALSE
	EndGlobalSection
	GlobalSection(ExtensibilityGlobals) = postSolution
		SolutionGuid = {2AE0689C-8997-4495-9D2B-AF5D54A0E8EC}
	EndGlobalSection
EndGlobal
